
Microsoft Visual Studio Solution File, Format Version 12.00
# Visual Studio Version 16
VisualStudioVersion = 16.0.30907.101
MinimumVisualStudioVersion = 10.0.40219.1
Project("{9A19103F-16F7-4668-BE54-9A1E7A4F7556}") = "SalesDashBoardWebApp", "SalesDashBoardWebApp\SalesDashBoardWebApp.csproj", "{2E65C185-196C-4F12-9B67-ABEC8690090E}"
EndProject
Global
	GlobalSection(SolutionConfigurationPlatforms) = preSolution
		Debug|Any CPU = Debug|Any CPU
		Release|Any CPU = Release|Any CPU
	EndGlobalSection
	GlobalSection(ProjectConfigurationPlatforms) = postSolution
		{2E65C185-196C-4F12-9B67-ABEC8690090E}.Debug|Any CPU.ActiveCfg = Debug|Any CPU
		{2E65C185-196C-4F12-9B67-ABEC8690090E}.Debug|Any CPU.Build.0 = Debug|Any CPU
		{2E65C185-196C-4F12-9B67-ABEC8690090E}.Release|Any CPU.ActiveCfg = Release|Any CPU
		{2E65C185-196C-4F12-9B67-ABEC8690090E}.Release|Any CPU.Build.0 = Release|Any CPU
	EndGlobalSection
	GlobalSection(SolutionProperties) = preSolution
		HideSolutionNode = FALSE
	EndGlobalSection
	GlobalSection(ExtensibilityGlobals) = postSolution
		SolutionGuid = {7B4755C3-78B3-42B6-A81D-55DE4F9344D3}
	EndGlobalSection
EndGlobal
